// !$*UTF8*$!
{
	archiveVersion = 1;
	classes = {
	};
	objectVersion = 55;
	objects = {

/* Begin PBXBuildFile section */
		B44BE2B22768F74C00D762B5 /* AppDelegate.swift in Sources */ = {isa = PBXBuildFile; fileRef = B44BE2B12768F74C00D762B5 /* AppDelegate.swift */; };
		B44BE2B42768F74C00D762B5 /* SceneDelegate.swift in Sources */ = {isa = PBXBuildFile; fileRef = B44BE2B32768F74C00D762B5 /* SceneDelegate.swift */; };
		B44BE2B62768F74C00D762B5 /* ViewController.swift in Sources */ = {isa = PBXBuildFile; fileRef = B44BE2B52768F74C00D762B5 /* ViewController.swift */; };
		B44BE2B92768F74C00D762B5 /* Main.storyboard in Resources */ = {isa = PBXBuildFile; fileRef = B44BE2B72768F74C00D762B5 /* Main.storyboard */; };
		B44BE2BB2768F74E00D762B5 /* Assets.xcassets in Resources */ = {isa = PBXBuildFile; fileRef = B44BE2BA2768F74E00D762B5 /* Assets.xcassets */; };
		B44BE2BE2768F74E00D762B5 /* LaunchScreen.storyboard in Resources */ = {isa = PBXBuildFile; fileRef = B44BE2BC2768F74E00D762B5 /* LaunchScreen.storyboard */; };
		B44BE2C627690BE500D762B5 /* Company.swift in Sources */ = {isa = PBXBuildFile; fileRef = B44BE2C527690BE500D762B5 /* Company.swift */; };
		B44BE2C827692E8F00D762B5 /* Companies.swift in Sources */ = {isa = PBXBuildFile; fileRef = B44BE2C727692E8F00D762B5 /* Companies.swift */; };
		B44BE2CA276A52A000D762B5 /* DetailViewController.swift in Sources */ = {isa = PBXBuildFile; fileRef = B44BE2C9276A529F00D762B5 /* DetailViewController.swift */; };
		B44BE2CE276C01B700D762B5 /* GraduationViewController.swift in Sources */ = {isa = PBXBuildFile; fileRef = B44BE2CD276C01B700D762B5 /* GraduationViewController.swift */; };
		B44BE2D0276C082F00D762B5 /* myphoto.jpg in Resources */ = {isa = PBXBuildFile; fileRef = B44BE2CF276C082F00D762B5 /* myphoto.jpg */; };
/* End PBXBuildFile section */

/* Begin PBXFileReference section */
		B44BE2AE2768F74C00D762B5 /* Final Test MAD 310.app */ = {isa = PBXFileReference; explicitFileType = wrapper.application; includeInIndex = 0; path = "Final Test MAD 310.app"; sourceTree = BUILT_PRODUCTS_DIR; };
		B44BE2B12768F74C00D762B5 /* AppDelegate.swift */ = {isa = PBXFileReference; lastKnownFileType = sourcecode.swift; path = AppDelegate.swift; sourceTree = "<group>"; };
		B44BE2B32768F74C00D762B5 /* SceneDelegate.swift */ = {isa = PBXFileReference; lastKnownFileType = sourcecode.swift; path = SceneDelegate.swift; sourceTree = "<group>"; };
		B44BE2B52768F74C00D762B5 /* ViewController.swift */ = {isa = PBXFileReference; lastKnownFileType = sourcecode.swift; path = ViewController.swift; sourceTree = "<group>"; };
		B44BE2B82768F74C00D762B5 /* Base */ = {isa = PBXFileReference; lastKnownFileType = file.storyboard; name = Base; path = Base.lproj/Main.storyboard; sourceTree = "<group>"; };
		B44BE2BA2768F74E00D762B5 /* Assets.xcassets */ = {isa = PBXFileReference; lastKnownFileType = folder.assetcatalog; path = Assets.xcassets; sourceTree = "<group>"; };
		B44BE2BD2768F74E00D762B5 /* Base */ = {isa = PBXFileReference; lastKnownFileType = file.storyboard; name = Base; path = Base.lproj/LaunchScreen.storyboard; sourceTree = "<group>"; };
		B44BE2BF2768F74E00D762B5 /* Info.plist */ = {isa = PBXFileReference; lastKnownFileType = text.plist.xml; path = Info.plist; sourceTree = "<group>"; };
		B44BE2C527690BE500D762B5 /* Company.swift */ = {isa = PBXFileReference; lastKnownFileType = sourcecode.swift; path = Company.swift; sourceTree = "<group>"; };
		B44BE2C727692E8F00D762B5 /* Companies.swift */ = {isa = PBXFileReference; lastKnownFileType = sourcecode.swift; path = Companies.swift; sourceTree = "<group>"; };
		B44BE2C9276A529F00D762B5 /* DetailViewController.swift */ = {isa = PBXFileReference; lastKnownFileType = sourcecode.swift; path = DetailViewController.swift; sourceTree = "<group>"; };
		B44BE2CD276C01B700D762B5 /* GraduationViewController.swift */ = {isa = PBXFileReference; lastKnownFileType = sourcecode.swift; path = GraduationViewController.swift; sourceTree = "<group>"; };
		B44BE2CF276C082F00D762B5 /* myphoto.jpg */ = {isa = PBXFileReference; lastKnownFileType = image.jpeg; name = myphoto.jpg; path = ../../../../Downloads/myphoto.jpg; sourceTree = "<group>"; };
/* End PBXFileReference section */

/* Begin PBXFrameworksBuildPhase section */
		B44BE2AB2768F74C00D762B5 /* Frameworks */ = {
			isa = PBXFrameworksBuildPhase;
			buildActionMask = 2147483647;
			files = (
			);
			runOnlyForDeploymentPostprocessing = 0;
		};
/* End PBXFrameworksBuildPhase section */

/* Begin PBXGroup section */
		B44BE2A52768F74C00D762B5 = {
			isa = PBXGroup;
			children = (
				B44BE2B02768F74C00D762B5 /* Final Test MAD 310 */,
				B44BE2AF2768F74C00D762B5 /* Products */,
			);
			sourceTree = "<group>";
		};
		B44BE2AF2768F74C00D762B5 /* Products */ = {
			isa = PBXGroup;
			children = (
				B44BE2AE2768F74C00D762B5 /* Final Test MAD 310.app */,
			);
			name = Products;
			sourceTree = "<group>";
		};
		B44BE2B02768F74C00D762B5 /* Final Test MAD 310 */ = {
			isa = PBXGroup;
			children = (
				B44BE2B12768F74C00D762B5 /* AppDelegate.swift */,
				B44BE2B32768F74C00D762B5 /* SceneDelegate.swift */,
				B44BE2B52768F74C00D762B5 /* ViewController.swift */,
				B44BE2C9276A529F00D762B5 /* DetailViewController.swift */,
				B44BE2B72768F74C00D762B5 /* Main.storyboard */,
				B44BE2C527690BE500D762B5 /* Company.swift */,
				B44BE2C727692E8F00D762B5 /* Companies.swift */,
				B44BE2CF276C082F00D762B5 /* myphoto.jpg */,
				B44BE2BA2768F74E00D762B5 /* Assets.xcassets */,
				B44BE2BC2768F74E00D762B5 /* LaunchScreen.storyboard */,
				B44BE2BF2768F74E00D762B5 /* Info.plist */,
				B44BE2CD276C01B700D762B5 /* GraduationViewController.swift */,
			);
			path = "Final Test MAD 310";
			sourceTree = "<group>";
		};
/* End PBXGroup section */

/* Begin PBXNativeTarget section */
		B44BE2AD2768F74C00D762B5 /* Final Test MAD 310 */ = {
			isa = PBXNativeTarget;
			buildConfigurationList = B44BE2C22768F74E00D762B5 /* Build configuration list for PBXNativeTarget "Final Test MAD 310" */;
			buildPhases = (
				B44BE2AA2768F74C00D762B5 /* Sources */,
				B44BE2AB2768F74C00D762B5 /* Frameworks */,
				B44BE2AC2768F74C00D762B5 /* Resources */,
			);
			buildRules = (
			);
			dependencies = (
			);
			name = "Final Test MAD 310";
			productName = "Final Test MAD 310";
			productReference = B44BE2AE2768F74C00D762B5 /* Final Test MAD 310.app */;
			productType = "com.apple.product-type.application";
		};
/* End PBXNativeTarget section */

/* Begin PBXProject section */
		B44BE2A62768F74C00D762B5 /* Project object */ = {
			isa = PBXProject;
			attributes = {
				BuildIndependentTargetsInParallel = 1;
				LastSwiftUpdateCheck = 1310;
				LastUpgradeCheck = 1310;
				TargetAttributes = {
					B44BE2AD2768F74C00D762B5 = {
						CreatedOnToolsVersion = 13.1;
					};
				};
			};
			buildConfigurationList = B44BE2A92768F74C00D762B5 /* Build configuration list for PBXProject "Final Test MAD 310" */;
			compatibilityVersion = "Xcode 13.0";
			developmentRegion = en;
			hasScannedForEncodings = 0;
			knownRegions = (
				en,
				Base,
			);
			mainGroup = B44BE2A52768F74C00D762B5;
			productRefGroup = B44BE2AF2768F74C00D762B5 /* Products */;
			projectDirPath = "";
			projectRoot = "";
			targets = (
				B44BE2AD2768F74C00D762B5 /* Final Test MAD 310 */,
			);
		};
/* End PBXProject section */

/* Begin PBXResourcesBuildPhase section */
		B44BE2AC2768F74C00D762B5 /* Resources */ = {
			isa = PBXResourcesBuildPhase;
			buildActionMask = 2147483647;
			files = (
				B44BE2BE2768F74E00D762B5 /* LaunchScreen.storyboard in Resources */,
				B44BE2BB2768F74E00D762B5 /* Assets.xcassets in Resources */,
				B44BE2D0276C082F00D762B5 /* myphoto.jpg in Resources */,
				B44BE2B92768F74C00D762B5 /* Main.storyboard in Resources */,
			);
			runOnlyForDeploymentPostprocessing = 0;
		};
/* End PBXResourcesBuildPhase section */

/* Begin PBXSourcesBuildPhase section */
		B44BE2AA2768F74C00D762B5 /* Sources */ = {
			isa = PBXSourcesBuildPhase;
			buildActionMask = 2147483647;
			files = (
				B44BE2B62768F74C00D762B5 /* ViewController.swift in Sources */,
				B44BE2C827692E8F00D762B5 /* Companies.swift in Sources */,
				B44BE2C627690BE500D762B5 /* Company.swift in Sources */,
				B44BE2CA276A52A000D762B5 /* DetailViewController.swift in Sources */,
				B44BE2B22768F74C00D762B5 /* AppDelegate.swift in Sources */,
				B44BE2B42768F74C00D762B5 /* SceneDelegate.swift in Sources */,
				B44BE2CE276C01B700D762B5 /* GraduationViewController.swift in Sources */,
			);
			runOnlyForDeploymentPostprocessing = 0;
		};
/* End PBXSourcesBuildPhase section */

/* Begin PBXVariantGroup section */
		B44BE2B72768F74C00D762B5 /* Main.storyboard */ = {
			isa = PBXVariantGroup;
			children = (
				B44BE2B82768F74C00D762B5 /* Base */,
			);
			name = Main.storyboard;
			sourceTree = "<group>";
		};
		B44BE2BC2768F74E00D762B5 /* LaunchScreen.storyboard */ = {
			isa = PBXVariantGroup;
			children = (
				B44BE2BD2768F74E00D762B5 /* Base */,
			);
			name = LaunchScreen.storyboard;
			sourceTree = "<group>";
		};
/* End PBXVariantGroup section */

/* Begin XCBuildConfiguration section */
		B44BE2C02768F74E00D762B5 /* Debug */ = {
			isa = XCBuildConfiguration;
			buildSettings = {
				ALWAYS_SEARCH_USER_PATHS = NO;
				CLANG_ANALYZER_NONNULL = YES;
				CLANG_ANALYZER_NUMBER_OBJECT_CONVERSION = YES_AGGRESSIVE;
				CLANG_CXX_LANGUAGE_STANDARD = "gnu++17";
				CLANG_CXX_LIBRARY = "libc++";
				CLANG_ENABLE_MODULES = YES;
				CLANG_ENABLE_OBJC_ARC = YES;
				CLANG_ENABLE_OBJC_WEAK = YES;
				CLANG_WARN_BLOCK_CAPTURE_AUTORELEASING = YES;
				CLANG_WARN_BOOL_CONVERSION = YES;
				CLANG_WARN_COMMA = YES;
				CLANG_WARN_CONSTANT_CONVERSION = YES;
				CLANG_WARN_DEPRECATED_OBJC_IMPLEMENTATIONS = YES;
				CLANG_WARN_DIRECT_OBJC_ISA_USAGE = YES_ERROR;
				CLANG_WARN_DOCUMENTATION_COMMENTS = YES;
				CLANG_WARN_EMPTY_BODY = YES;
				CLANG_WARN_ENUM_CONVERSION = YES;
				CLANG_WARN_INFINITE_RECURSION = YES;
				CLANG_WARN_INT_CONVERSION = YES;
				CLANG_WARN_NON_LITERAL_NULL_CONVERSION = YES;
				CLANG_WARN_OBJC_IMPLICIT_RETAIN_SELF = YES;
				CLANG_WARN_OBJC_LITERAL_CONVERSION = YES;
				CLANG_WARN_OBJC_ROOT_CLASS = YES_ERROR;
				CLANG_WARN_QUOTED_INCLUDE_IN_FRAMEWORK_HEADER = YES;
				CLANG_WARN_RANGE_LOOP_ANALYSIS = YES;
				CLANG_WARN_STRICT_PROTOTYPES = YES;
				CLANG_WARN_SUSPICIOUS_MOVE = YES;
				CLANG_WARN_UNGUARDED_AVAILABILITY = YES_AGGRESSIVE;
				CLANG_WARN_UNREACHABLE_CODE = YES;
				CLANG_WARN__DUPLICATE_METHOD_MATCH = YES;
				COPY_PHASE_STRIP = NO;
				DEBUG_INFORMATION_FORMAT = dwarf;
				ENABLE_STRICT_OBJC_MSGSEND = YES;
				ENABLE_TESTABILITY = YES;
				GCC_C_LANGUAGE_STANDARD = gnu11;
				GCC_DYNAMIC_NO_PIC = NO;
				GCC_NO_COMMON_BLOCKS = YES;
				GCC_OPTIMIZATION_LEVEL = 0;
				GCC_PREPROCESSOR_DEFINITIONS = (
					"DEBUG=1",
					"$(inherited)",
				);
				GCC_WARN_64_TO_32_BIT_CONVERSION = YES;
				GCC_WARN_ABOUT_RETURN_TYPE = YES_ERROR;
				GCC_WARN_UNDECLARED_SELECTOR = YES;
				GCC_WARN_UNINITIALIZED_AUTOS = YES_AGGRESSIVE;
				GCC_WARN_UNUSED_FUNCTION = YES;
				GCC_WARN_UNUSED_VARIABLE = YES;
				IPHONEOS_DEPLOYMENT_TARGET = 15.0;
				MTL_ENABLE_DEBUG_INFO = INCLUDE_SOURCE;
				MTL_FAST_MATH = YES;
				ONLY_ACTIVE_ARCH = YES;
				SDKROOT = iphoneos;
				SWIFT_ACTIVE_COMPILATION_CONDITIONS = DEBUG;
				SWIFT_OPTIMIZATION_LEVEL = "-Onone";
			};
			name = Debug;
		};
		B44BE2C12768F74E00D762B5 /* Release */ = {
			isa = XCBuildConfiguration;
			buildSettings = {
				ALWAYS_SEARCH_USER_PATHS = NO;
				CLANG_ANALYZER_NONNULL = YES;
				CLANG_ANALYZER_NUMBER_OBJECT_CONVERSION = YES_AGGRESSIVE;
				CLANG_CXX_LANGUAGE_STANDARD = "gnu++17";
				CLANG_CXX_LIBRARY = "libc++";
				CLANG_ENABLE_MODULES = YES;
				CLANG_ENABLE_OBJC_ARC = YES;
				CLANG_ENABLE_OBJC_WEAK = YES;
				CLANG_WARN_BLOCK_CAPTURE_AUTORELEASING = YES;
				CLANG_WARN_BOOL_CONVERSION = YES;
				CLANG_WARN_COMMA = YES;
				CLANG_WARN_CONSTANT_CONVERSION = YES;
				CLANG_WARN_DEPRECATED_OBJC_IMPLEMENTATIONS = YES;
				CLANG_WARN_DIRECT_OBJC_ISA_USAGE = YES_ERROR;
				CLANG_WARN_DOCUMENTATION_COMMENTS = YES;
				CLANG_WARN_EMPTY_BODY = YES;
				CLANG_WARN_ENUM_CONVERSION = YES;
				CLANG_WARN_INFINITE_RECURSION = YES;
				CLANG_WARN_INT_CONVERSION = YES;
				CLANG_WARN_NON_LITERAL_NULL_CONVERSION = YES;
				CLANG_WARN_OBJC_IMPLICIT_RETAIN_SELF = YES;
				CLANG_WARN_OBJC_LITERAL_CONVERSION = YES;
				CLANG_WARN_OBJC_ROOT_CLASS = YES_ERROR;
				CLANG_WARN_QUOTED_INCLUDE_IN_FRAMEWORK_HEADER = YES;
				CLANG_WARN_RANGE_LOOP_ANALYSIS = YES;
				CLANG_WARN_STRICT_PROTOTYPES = YES;
				CLANG_WARN_SUSPICIOUS_MOVE = YES;
				CLANG_WARN_UNGUARDED_AVAILABILITY = YES_AGGRESSIVE;
				CLANG_WARN_UNREACHABLE_CODE = YES;
				CLANG_WARN__DUPLICATE_METHOD_MATCH = YES;
				COPY_PHASE_STRIP = NO;
				DEBUG_INFORMATION_FORMAT = "dwarf-with-dsym";
				ENABLE_NS_ASSERTIONS = NO;
				ENABLE_STRICT_OBJC_MSGSEND = YES;
				GCC_C_LANGUAGE_STANDARD = gnu11;
				GCC_NO_COMMON_BLOCKS = YES;
				GCC_WARN_64_TO_32_BIT_CONVERSION = YES;
				GCC_WARN_ABOUT_RETURN_TYPE = YES_ERROR;
				GCC_WARN_UNDECLARED_SELECTOR = YES;
				GCC_WARN_UNINITIALIZED_AUTOS = YES_AGGRESSIVE;
				GCC_WARN_UNUSED_FUNCTION = YES;
				GCC_WARN_UNUSED_VARIABLE = YES;
				IPHONEOS_DEPLOYMENT_TARGET = 15.0;
				MTL_ENABLE_DEBUG_INFO = NO;
				MTL_FAST_MATH = YES;
				SDKROOT = iphoneos;
				SWIFT_COMPILATION_MODE = wholemodule;
				SWIFT_OPTIMIZATION_LEVEL = "-O";
				VALIDATE_PRODUCT = YES;
			};
			name = Release;
		};
		B44BE2C32768F74E00D762B5 /* Debug */ = {
			isa = XCBuildConfiguration;
			buildSettings = {
				ASSETCATALOG_COMPILER_APPICON_NAME = AppIcon;
				ASSETCATALOG_COMPILER_GLOBAL_ACCENT_COLOR_NAME = AccentColor;
				CODE_SIGN_STYLE = Automatic;
				CURRENT_PROJECT_VERSION = 1;
				GENERATE_INFOPLIST_FILE = YES;
				INFOPLIST_FILE = "Final Test MAD 310/Info.plist";
				INFOPLIST_KEY_UIApplicationSupportsIndirectInputEvents = YES;
				INFOPLIST_KEY_UILaunchStoryboardName = LaunchScreen;
				INFOPLIST_KEY_UIMainStoryboardFile = Main;
				INFOPLIST_KEY_UISupportedInterfaceOrientations_iPad = "UIInterfaceOrientationPortrait UIInterfaceOrientationPortraitUpsideDown UIInterfaceOrientationLandscapeLeft UIInterfaceOrientationLandscapeRight";
				INFOPLIST_KEY_UISupportedInterfaceOrientations_iPhone = "UIInterfaceOrientationPortrait UIInterfaceOrientationLandscapeLeft UIInterfaceOrientationLandscapeRight";
				LD_RUNPATH_SEARCH_PATHS = (
					"$(inherited)",
					"@executable_path/Frameworks",
				);
				MARKETING_VERSION = 1.0;
				PRODUCT_BUNDLE_IDENTIFIER = "stclair.Final-Test-MAD-310";
				PRODUCT_NAME = "$(TARGET_NAME)";
				SWIFT_EMIT_LOC_STRINGS = YES;
				SWIFT_VERSION = 5.0;
				TARGETED_DEVICE_FAMILY = "1,2";
			};
			name = Debug;
		};
		B44BE2C42768F74E00D762B5 /* Release */ = {
			isa = XCBuildConfiguration;
			buildSettings = {
				ASSETCATALOG_COMPILER_APPICON_NAME = AppIcon;
				ASSETCATALOG_COMPILER_GLOBAL_ACCENT_COLOR_NAME = AccentColor;
				CODE_SIGN_STYLE = Automatic;
				CURRENT_PROJECT_VERSION = 1;
				GENERATE_INFOPLIST_FILE = YES;
				INFOPLIST_FILE = "Final Test MAD 310/Info.plist";
				INFOPLIST_KEY_UIApplicationSupportsIndirectInputEvents = YES;
				INFOPLIST_KEY_UILaunchStoryboardName = LaunchScreen;
				INFOPLIST_KEY_UIMainStoryboardFile = Main;
				INFOPLIST_KEY_UISupportedInterfaceOrientations_iPad = "UIInterfaceOrientationPortrait UIInterfaceOrientationPortraitUpsideDown UIInterfaceOrientationLandscapeLeft UIInterfaceOrientationLandscapeRight";
				INFOPLIST_KEY_UISupportedInterfaceOrientations_iPhone = "UIInterfaceOrientationPortrait UIInterfaceOrientationLandscapeLeft UIInterfaceOrientationLandscapeRight";
				LD_RUNPATH_SEARCH_PATHS = (
					"$(inherited)",
					"@executable_path/Frameworks",
				);
				MARKETING_VERSION = 1.0;
				PRODUCT_BUNDLE_IDENTIFIER = "stclair.Final-Test-MAD-310";
				PRODUCT_NAME = "$(TARGET_NAME)";
				SWIFT_EMIT_LOC_STRINGS = YES;
				SWIFT_VERSION = 5.0;
				TARGETED_DEVICE_FAMILY = "1,2";
			};
			name = Release;
		};
/* End XCBuildConfiguration section */

/* Begin XCConfigurationList section */
		B44BE2A92768F74C00D762B5 /* Build configuration list for PBXProject "Final Test MAD 310" */ = {
			isa = XCConfigurationList;
			buildConfigurations = (
				B44BE2C02768F74E00D762B5 /* Debug */,
				B44BE2C12768F74E00D762B5 /* Release */,
			);
			defaultConfigurationIsVisible = 0;
			defaultConfigurationName = Release;
		};
		B44BE2C22768F74E00D762B5 /* Build configuration list for PBXNativeTarget "Final Test MAD 310" */ = {
			isa = XCConfigurationList;
			buildConfigurations = (
				B44BE2C32768F74E00D762B5 /* Debug */,
				B44BE2C42768F74E00D762B5 /* Release */,
			);
			defaultConfigurationIsVisible = 0;
			defaultConfigurationName = Release;
		};
/* End XCConfigurationList section */
	};
	rootObject = B44BE2A62768F74C00D762B5 /* Project object */;
}
